{
	"name": "devextreme-react",
	"version": "22.2.2",
	"lockfileVersion": 2,
	"requires": true,
	"packages": {
		"": {
			"name": "devextreme-react",
			"version": "22.2.2",
			"license": "MIT",
			"devDependencies": {
				"react": "^18.0.0",
				"react-dom": "^18.0.0"
			},
			"peerDependencies": {
				"devextreme": "22.2-next",
				"react": "^16.2.0 || ^17.0.0 || ^18.0.0",
				"react-dom": "^16.2.0 || ^17.0.0 || ^18.0.0"
			}
		},
		"node_modules/react": {
			"version": "18.0.0",
			"resolved": "https://registry.npmjs.org/react/-/react-18.0.0.tgz",
			"integrity": "sha512-x+VL6wbT4JRVPm7EGxXhZ8w8LTROaxPXOqhlGyVSrv0sB1jkyFGgXxJ8LVoPRLvPR6/CIZGFmfzqUa2NYeMr2A==",
			"dev": true,
			"dependencies": {
				"loose-envify": "^1.1.0"
			},
			"engines": {
				"node": ">=0.10.0"
			}
		},
		"node_modules/react-dom": {
			"version": "18.0.0",
			"resolved": "https://registry.npmjs.org/react-dom/-/react-dom-18.0.0.tgz",
			"integrity": "sha512-XqX7uzmFo0pUceWFCt7Gff6IyIMzFUn7QMZrbrQfGxtaxXZIcGQzoNpRLE3fQLnS4XzLLPMZX2T9TRcSrasicw==",
			"dev": true,
			"dependencies": {
				"loose-envify": "^1.1.0",
				"scheduler": "^0.21.0"
			},
			"peerDependencies": {
				"react": "^18.0.0"
			}
		},
		"node_modules/react-dom/node_modules/js-tokens": {
			"version": "4.0.0",
			"resolved": "https://registry.npmjs.org/js-tokens/-/js-tokens-4.0.0.tgz",
			"integrity": "sha512-RdJUflcE3cUzKiMqQgsCu06FPu9UdIJO0beYbPhHN4k6apgJtifcoCtT9bcxOpYBtpD2kCM6Sbzg4CausW/PKQ==",
			"dev": true
		},
		"node_modules/react-dom/node_modules/loose-envify": {
			"version": "1.4.0",
			"resolved": "https://registry.npmjs.org/loose-envify/-/loose-envify-1.4.0.tgz",
			"integrity": "sha512-lyuxPGr/Wfhrlem2CL/UcnUc1zcqKAImBDzukY7Y5F/yQiNdko6+fRLevlw1HgMySw7f611UIY408EtxRSoK3Q==",
			"dev": true,
			"dependencies": {
				"js-tokens": "^3.0.0 || ^4.0.0"
			},
			"bin": {
				"loose-envify": "cli.js"
			}
		},
		"node_modules/react-dom/node_modules/scheduler": {
			"version": "0.21.0",
			"resolved": "https://registry.npmjs.org/scheduler/-/scheduler-0.21.0.tgz",
			"integrity": "sha512-1r87x5fz9MXqswA2ERLo0EbOAU74DpIUO090gIasYTqlVoJeMcl+Z1Rg7WHz+qtPujhS/hGIt9kxZOYBV3faRQ==",
			"dev": true,
			"dependencies": {
				"loose-envify": "^1.1.0"
			}
		},
		"node_modules/react/node_modules/js-tokens": {
			"version": "4.0.0",
			"resolved": "https://registry.npmjs.org/js-tokens/-/js-tokens-4.0.0.tgz",
			"integrity": "sha512-RdJUflcE3cUzKiMqQgsCu06FPu9UdIJO0beYbPhHN4k6apgJtifcoCtT9bcxOpYBtpD2kCM6Sbzg4CausW/PKQ==",
			"dev": true
		},
		"node_modules/react/node_modules/loose-envify": {
			"version": "1.4.0",
			"resolved": "https://registry.npmjs.org/loose-envify/-/loose-envify-1.4.0.tgz",
			"integrity": "sha512-lyuxPGr/Wfhrlem2CL/UcnUc1zcqKAImBDzukY7Y5F/yQiNdko6+fRLevlw1HgMySw7f611UIY408EtxRSoK3Q==",
			"dev": true,
			"dependencies": {
				"js-tokens": "^3.0.0 || ^4.0.0"
			},
			"bin": {
				"loose-envify": "cli.js"
			}
		}
	},
	"dependencies": {
		"react": {
			"version": "18.0.0",
			"resolved": "https://registry.npmjs.org/react/-/react-18.0.0.tgz",
			"integrity": "sha512-x+VL6wbT4JRVPm7EGxXhZ8w8LTROaxPXOqhlGyVSrv0sB1jkyFGgXxJ8LVoPRLvPR6/CIZGFmfzqUa2NYeMr2A==",
			"dev": true,
			"requires": {
				"loose-envify": "^1.1.0"
			},
			"dependencies": {
				"js-tokens": {
					"version": "4.0.0",
					"resolved": "https://registry.npmjs.org/js-tokens/-/js-tokens-4.0.0.tgz",
					"integrity": "sha512-RdJUflcE3cUzKiMqQgsCu06FPu9UdIJO0beYbPhHN4k6apgJtifcoCtT9bcxOpYBtpD2kCM6Sbzg4CausW/PKQ==",
					"dev": true
				},
				"loose-envify": {
					"version": "1.4.0",
					"resolved": "https://registry.npmjs.org/loose-envify/-/loose-envify-1.4.0.tgz",
					"integrity": "sha512-lyuxPGr/Wfhrlem2CL/UcnUc1zcqKAImBDzukY7Y5F/yQiNdko6+fRLevlw1HgMySw7f611UIY408EtxRSoK3Q==",
					"dev": true,
					"requires": {
						"js-tokens": "^3.0.0 || ^4.0.0"
					}
				}
			}
		},
		"react-dom": {
			"version": "18.0.0",
			"resolved": "https://registry.npmjs.org/react-dom/-/react-dom-18.0.0.tgz",
			"integrity": "sha512-XqX7uzmFo0pUceWFCt7Gff6IyIMzFUn7QMZrbrQfGxtaxXZIcGQzoNpRLE3fQLnS4XzLLPMZX2T9TRcSrasicw==",
			"dev": true,
			"requires": {
				"loose-envify": "^1.1.0",
				"scheduler": "^0.21.0"
			},
			"dependencies": {
				"js-tokens": {
					"version": "4.0.0",
					"resolved": "https://registry.npmjs.org/js-tokens/-/js-tokens-4.0.0.tgz",
					"integrity": "sha512-RdJUflcE3cUzKiMqQgsCu06FPu9UdIJO0beYbPhHN4k6apgJtifcoCtT9bcxOpYBtpD2kCM6Sbzg4CausW/PKQ==",
					"dev": true
				},
				"loose-envify": {
					"version": "1.4.0",
					"resolved": "https://registry.npmjs.org/loose-envify/-/loose-envify-1.4.0.tgz",
					"integrity": "sha512-lyuxPGr/Wfhrlem2CL/UcnUc1zcqKAImBDzukY7Y5F/yQiNdko6+fRLevlw1HgMySw7f611UIY408EtxRSoK3Q==",
					"dev": true,
					"requires": {
						"js-tokens": "^3.0.0 || ^4.0.0"
					}
				},
				"scheduler": {
					"version": "0.21.0",
					"resolved": "https://registry.npmjs.org/scheduler/-/scheduler-0.21.0.tgz",
					"integrity": "sha512-1r87x5fz9MXqswA2ERLo0EbOAU74DpIUO090gIasYTqlVoJeMcl+Z1Rg7WHz+qtPujhS/hGIt9kxZOYBV3faRQ==",
					"dev": true,
					"requires": {
						"loose-envify": "^1.1.0"
					}
				}
			}
		}
	}
}
