{
	"name": "devextreme-vue2-strategy",
	"version": "20.2.4",
	"lockfileVersion": 1,
	"requires": true,
	"dependencies": {
		"@vue/test-utils": {
			"version": "1.0.0-beta.29",
			"resolved": "https://registry.npmjs.org/@vue/test-utils/-/test-utils-1.0.0-beta.29.tgz",
			"integrity": "sha512-yX4sxEIHh4M9yAbLA/ikpEnGKMNBCnoX98xE1RwxfhQVcn0MaXNSj1Qmac+ZydTj6VBSEVukchBogXBTwc+9iA==",
			"dev": true,
			"requires": {
				"dom-event-types": "^1.0.0",
				"lodash": "^4.17.4"
			},
			"dependencies": {
				"dom-event-types": {
					"version": "1.0.0",
					"resolved": "https://registry.npmjs.org/dom-event-types/-/dom-event-types-1.0.0.tgz",
					"integrity": "sha512-2G2Vwi2zXTHBGqXHsJ4+ak/iP0N8Ar+G8a7LiD2oup5o4sQWytwqqrZu/O6hIMV0KMID2PL69OhpshLO0n7UJQ==",
					"dev": true
				},
				"lodash": {
					"version": "4.17.20",
					"resolved": "https://registry.npmjs.org/lodash/-/lodash-4.17.20.tgz",
					"integrity": "sha512-PlhdFcillOINfeV7Ni6oF1TAEayyZBoZ8bcshTHqOYJYlrqzRK5hagpagky5o4HfCzzd1TRkXPMFq6cKk9rGmA==",
					"dev": true
				}
			}
		},
		"typescript": {
			"version": "3.6.5",
			"resolved": "https://registry.npmjs.org/typescript/-/typescript-3.6.5.tgz",
			"integrity": "sha512-BEjlc0Z06ORZKbtcxGrIvvwYs5hAnuo6TKdNFL55frVDlB+na3z5bsLhFaIxmT+dPWgBIjMo6aNnTOgHHmHgiQ==",
			"dev": true
		},
		"vue": {
			"version": "2.6.12",
			"resolved": "https://registry.npmjs.org/vue/-/vue-2.6.12.tgz",
			"integrity": "sha512-uhmLFETqPPNyuLLbsKz6ioJ4q7AZHzD8ZVFNATNyICSZouqP2Sz0rotWQC8UNBF6VGSCs5abnKJoStA6JbCbfg==",
			"dev": true
		},
		"vue-loader": {
			"version": "14.2.4",
			"resolved": "https://registry.npmjs.org/vue-loader/-/vue-loader-14.2.4.tgz",
			"integrity": "sha512-bub2/rcTMJ3etEbbeehdH2Em3G2F5vZIjMK7ZUePj5UtgmZSTtOX1xVVawDpDsy021s3vQpO6VpWJ3z3nO8dDw==",
			"dev": true,
			"requires": {
				"consolidate": "^0.14.0",
				"hash-sum": "^1.0.2",
				"loader-utils": "^1.1.0",
				"lru-cache": "^4.1.1",
				"postcss": "^6.0.8",
				"postcss-load-config": "^1.1.0",
				"postcss-selector-parser": "^2.0.0",
				"prettier": "^1.16.0",
				"resolve": "^1.4.0",
				"source-map": "^0.6.1",
				"vue-hot-reload-api": "^2.2.0",
				"vue-style-loader": "^4.0.1",
				"vue-template-es2015-compiler": "^1.6.0"
			},
			"dependencies": {
				"ansi-styles": {
					"version": "3.2.1",
					"resolved": "https://registry.npmjs.org/ansi-styles/-/ansi-styles-3.2.1.tgz",
					"integrity": "sha512-VT0ZI6kZRdTh8YyJw3SMbYm/u+NqfsAxEpWO0Pf9sq8/e94WxxOpPKx9FR1FlyCtOVDNOQ+8ntlqFxiRc+r5qA==",
					"dev": true,
					"requires": {
						"color-convert": "^1.9.0"
					}
				},
				"argparse": {
					"version": "1.0.10",
					"resolved": "https://registry.npmjs.org/argparse/-/argparse-1.0.10.tgz",
					"integrity": "sha512-o5Roy6tNG4SL/FOkCAN6RzjiakZS25RLYFrcMttJqbdd8BWrnA+fGz57iN5Pb06pvBGvl5gQ0B48dJlslXvoTg==",
					"dev": true,
					"requires": {
						"sprintf-js": "~1.0.2"
					}
				},
				"big.js": {
					"version": "5.2.2",
					"resolved": "https://registry.npmjs.org/big.js/-/big.js-5.2.2.tgz",
					"integrity": "sha512-vyL2OymJxmarO8gxMr0mhChsO9QGwhynfuu4+MHTAW6czfq9humCB7rKpUjDd9YUiDPU4mzpyupFSvOClAwbmQ==",
					"dev": true
				},
				"bluebird": {
					"version": "3.7.2",
					"resolved": "https://registry.npmjs.org/bluebird/-/bluebird-3.7.2.tgz",
					"integrity": "sha512-XpNj6GDQzdfW+r2Wnn7xiSAd7TM3jzkxGXBGTtWKuSXv1xUV+azxAm8jdWZN06QTQk+2N2XB9jRDkvbmQmcRtg==",
					"dev": true
				},
				"chalk": {
					"version": "2.4.2",
					"resolved": "https://registry.npmjs.org/chalk/-/chalk-2.4.2.tgz",
					"integrity": "sha512-Mti+f9lpJNcwF4tWV8/OrTTtF1gZi+f8FqlyAdouralcFWFQWF2+NgCHShjkCb+IFBLq9buZwE1xckQU4peSuQ==",
					"dev": true,
					"requires": {
						"ansi-styles": "^3.2.1",
						"escape-string-regexp": "^1.0.5",
						"supports-color": "^5.3.0"
					}
				},
				"color-convert": {
					"version": "1.9.3",
					"resolved": "https://registry.npmjs.org/color-convert/-/color-convert-1.9.3.tgz",
					"integrity": "sha512-QfAUtd+vFdAtFQcC8CCyYt1fYWxSqAiK2cSD6zDB8N3cpsEBAvRxp9zOGg6G/SHHJYAT88/az/IuDGALsNVbGg==",
					"dev": true,
					"requires": {
						"color-name": "1.1.3"
					}
				},
				"color-name": {
					"version": "1.1.3",
					"resolved": "https://registry.npmjs.org/color-name/-/color-name-1.1.3.tgz",
					"integrity": "sha1-p9BVi9icQveV3UIyj3QIMcpTvCU=",
					"dev": true
				},
				"consolidate": {
					"version": "0.14.5",
					"resolved": "https://registry.npmjs.org/consolidate/-/consolidate-0.14.5.tgz",
					"integrity": "sha1-WiUEe8dvcwcmZ8jLUsmJiI9JTGM=",
					"dev": true,
					"requires": {
						"bluebird": "^3.1.1"
					}
				},
				"cosmiconfig": {
					"version": "2.2.2",
					"resolved": "https://registry.npmjs.org/cosmiconfig/-/cosmiconfig-2.2.2.tgz",
					"integrity": "sha512-GiNXLwAFPYHy25XmTPpafYvn3CLAkJ8FLsscq78MQd1Kh0OU6Yzhn4eV2MVF4G9WEQZoWEGltatdR+ntGPMl5A==",
					"dev": true,
					"requires": {
						"is-directory": "^0.3.1",
						"js-yaml": "^3.4.3",
						"minimist": "^1.2.0",
						"object-assign": "^4.1.0",
						"os-homedir": "^1.0.1",
						"parse-json": "^2.2.0",
						"require-from-string": "^1.1.0"
					}
				},
				"emojis-list": {
					"version": "3.0.0",
					"resolved": "https://registry.npmjs.org/emojis-list/-/emojis-list-3.0.0.tgz",
					"integrity": "sha512-/kyM18EfinwXZbno9FyUGeFh87KC8HRQBQGildHZbEuRyWFOmv1U10o9BBp8XVZDVNNuQKyIGIu5ZYAAXJ0V2Q==",
					"dev": true
				},
				"error-ex": {
					"version": "1.3.2",
					"resolved": "https://registry.npmjs.org/error-ex/-/error-ex-1.3.2.tgz",
					"integrity": "sha512-7dFHNmqeFSEt2ZBsCriorKnn3Z2pj+fd9kmI6QoWw4//DL+icEBfc0U7qJCisqrTsKTjw4fNFy2pW9OqStD84g==",
					"dev": true,
					"requires": {
						"is-arrayish": "^0.2.1"
					}
				},
				"escape-string-regexp": {
					"version": "1.0.5",
					"resolved": "https://registry.npmjs.org/escape-string-regexp/-/escape-string-regexp-1.0.5.tgz",
					"integrity": "sha1-G2HAViGQqN/2rjuyzwIAyhMLhtQ=",
					"dev": true
				},
				"esprima": {
					"version": "4.0.1",
					"resolved": "https://registry.npmjs.org/esprima/-/esprima-4.0.1.tgz",
					"integrity": "sha512-eGuFFw7Upda+g4p+QHvnW0RyTX/SVeJBDM/gCtMARO0cLuT2HcEKnTPvhjV6aGeqrCB/sbNop0Kszm0jsaWU4A==",
					"dev": true
				},
				"flatten": {
					"version": "1.0.3",
					"resolved": "https://registry.npmjs.org/flatten/-/flatten-1.0.3.tgz",
					"integrity": "sha512-dVsPA/UwQ8+2uoFe5GHtiBMu48dWLTdsuEd7CKGlZlD78r1TTWBvDuFaFGKCo/ZfEr95Uk56vZoX86OsHkUeIg==",
					"dev": true
				},
				"function-bind": {
					"version": "1.1.1",
					"resolved": "https://registry.npmjs.org/function-bind/-/function-bind-1.1.1.tgz",
					"integrity": "sha512-yIovAzMX49sF8Yl58fSCWJ5svSLuaibPxXQJFLmBObTuCr0Mf1KiPopGM9NiFjiYBCbfaa2Fh6breQ6ANVTI0A==",
					"dev": true
				},
				"has": {
					"version": "1.0.3",
					"resolved": "https://registry.npmjs.org/has/-/has-1.0.3.tgz",
					"integrity": "sha512-f2dvO0VU6Oej7RkWJGrehjbzMAjFp5/VKPp5tTpWIV4JHHZK1/BxbFRtf/siA2SWTe09caDmVtYYzWEIbBS4zw==",
					"dev": true,
					"requires": {
						"function-bind": "^1.1.1"
					}
				},
				"has-flag": {
					"version": "3.0.0",
					"resolved": "https://registry.npmjs.org/has-flag/-/has-flag-3.0.0.tgz",
					"integrity": "sha1-tdRU3CGZriJWmfNGfloH87lVuv0=",
					"dev": true
				},
				"hash-sum": {
					"version": "1.0.2",
					"resolved": "https://registry.npmjs.org/hash-sum/-/hash-sum-1.0.2.tgz",
					"integrity": "sha1-M7QHd3VMZDJXPBIMw4CLvRDUfwQ=",
					"dev": true
				},
				"indexes-of": {
					"version": "1.0.1",
					"resolved": "https://registry.npmjs.org/indexes-of/-/indexes-of-1.0.1.tgz",
					"integrity": "sha1-8w9xbI4r00bHtn0985FVZqfAVgc=",
					"dev": true
				},
				"is-arrayish": {
					"version": "0.2.1",
					"resolved": "https://registry.npmjs.org/is-arrayish/-/is-arrayish-0.2.1.tgz",
					"integrity": "sha1-d8mYQFJ6qOyxqLppe4BkWnqSap0=",
					"dev": true
				},
				"is-core-module": {
					"version": "2.2.0",
					"resolved": "https://registry.npmjs.org/is-core-module/-/is-core-module-2.2.0.tgz",
					"integrity": "sha512-XRAfAdyyY5F5cOXn7hYQDqh2Xmii+DEfIcQGxK/uNwMHhIkPWO0g8msXcbzLe+MpGoR951MlqM/2iIlU4vKDdQ==",
					"dev": true,
					"requires": {
						"has": "^1.0.3"
					}
				},
				"is-directory": {
					"version": "0.3.1",
					"resolved": "https://registry.npmjs.org/is-directory/-/is-directory-0.3.1.tgz",
					"integrity": "sha1-YTObbyR1/Hcv2cnYP1yFddwVSuE=",
					"dev": true
				},
				"js-yaml": {
					"version": "3.14.1",
					"resolved": "https://registry.npmjs.org/js-yaml/-/js-yaml-3.14.1.tgz",
					"integrity": "sha512-okMH7OXXJ7YrN9Ok3/SXrnu4iX9yOk+25nqX4imS2npuvTYDmo/QEZoqwZkYaIDk3jVvBOTOIEgEhaLOynBS9g==",
					"dev": true,
					"requires": {
						"argparse": "^1.0.7",
						"esprima": "^4.0.0"
					}
				},
				"json5": {
					"version": "1.0.1",
					"resolved": "https://registry.npmjs.org/json5/-/json5-1.0.1.tgz",
					"integrity": "sha512-aKS4WQjPenRxiQsC93MNfjx+nbF4PAdYzmd/1JIj8HYzqfbu86beTuNgXDzPknWk0n0uARlyewZo4s++ES36Ow==",
					"dev": true,
					"requires": {
						"minimist": "^1.2.0"
					}
				},
				"loader-utils": {
					"version": "1.4.0",
					"resolved": "https://registry.npmjs.org/loader-utils/-/loader-utils-1.4.0.tgz",
					"integrity": "sha512-qH0WSMBtn/oHuwjy/NucEgbx5dbxxnxup9s4PVXJUDHZBQY+s0NWA9rJf53RBnQZxfch7euUui7hpoAPvALZdA==",
					"dev": true,
					"requires": {
						"big.js": "^5.2.2",
						"emojis-list": "^3.0.0",
						"json5": "^1.0.1"
					}
				},
				"lru-cache": {
					"version": "4.1.5",
					"resolved": "https://registry.npmjs.org/lru-cache/-/lru-cache-4.1.5.tgz",
					"integrity": "sha512-sWZlbEP2OsHNkXrMl5GYk/jKk70MBng6UU4YI/qGDYbgf6YbP4EvmqISbXCoJiRKs+1bSpFHVgQxvJ17F2li5g==",
					"dev": true,
					"requires": {
						"pseudomap": "^1.0.2",
						"yallist": "^2.1.2"
					}
				},
				"minimist": {
					"version": "1.2.5",
					"resolved": "https://registry.npmjs.org/minimist/-/minimist-1.2.5.tgz",
					"integrity": "sha512-FM9nNUYrRBAELZQT3xeZQ7fmMOBg6nWNmJKTcgsJeaLstP/UODVpGsr5OhXhhXg6f+qtJ8uiZ+PUxkDWcgIXLw==",
					"dev": true
				},
				"object-assign": {
					"version": "4.1.1",
					"resolved": "https://registry.npmjs.org/object-assign/-/object-assign-4.1.1.tgz",
					"integrity": "sha1-IQmtx5ZYh8/AXLvUQsrIv7s2CGM=",
					"dev": true
				},
				"os-homedir": {
					"version": "1.0.2",
					"resolved": "https://registry.npmjs.org/os-homedir/-/os-homedir-1.0.2.tgz",
					"integrity": "sha1-/7xJiDNuDoM94MFox+8VISGqf7M=",
					"dev": true
				},
				"parse-json": {
					"version": "2.2.0",
					"resolved": "https://registry.npmjs.org/parse-json/-/parse-json-2.2.0.tgz",
					"integrity": "sha1-9ID0BDTvgHQfhGkJn43qGPVaTck=",
					"dev": true,
					"requires": {
						"error-ex": "^1.2.0"
					}
				},
				"path-parse": {
					"version": "1.0.6",
					"resolved": "https://registry.npmjs.org/path-parse/-/path-parse-1.0.6.tgz",
					"integrity": "sha512-GSmOT2EbHrINBf9SR7CDELwlJ8AENk3Qn7OikK4nFYAu3Ote2+JYNVvkpAEQm3/TLNEJFD/xZJjzyxg3KBWOzw==",
					"dev": true
				},
				"postcss": {
					"version": "6.0.23",
					"resolved": "https://registry.npmjs.org/postcss/-/postcss-6.0.23.tgz",
					"integrity": "sha512-soOk1h6J3VMTZtVeVpv15/Hpdl2cBLX3CAw4TAbkpTJiNPk9YP/zWcD1ND+xEtvyuuvKzbxliTOIyvkSeSJ6ag==",
					"dev": true,
					"requires": {
						"chalk": "^2.4.1",
						"source-map": "^0.6.1",
						"supports-color": "^5.4.0"
					}
				},
				"postcss-load-config": {
					"version": "1.2.0",
					"resolved": "https://registry.npmjs.org/postcss-load-config/-/postcss-load-config-1.2.0.tgz",
					"integrity": "sha1-U56a/J3chiASHr+djDZz4M5Q0oo=",
					"dev": true,
					"requires": {
						"cosmiconfig": "^2.1.0",
						"object-assign": "^4.1.0",
						"postcss-load-options": "^1.2.0",
						"postcss-load-plugins": "^2.3.0"
					}
				},
				"postcss-load-options": {
					"version": "1.2.0",
					"resolved": "https://registry.npmjs.org/postcss-load-options/-/postcss-load-options-1.2.0.tgz",
					"integrity": "sha1-sJixVZ3awt8EvAuzdfmaXP4rbYw=",
					"dev": true,
					"requires": {
						"cosmiconfig": "^2.1.0",
						"object-assign": "^4.1.0"
					}
				},
				"postcss-load-plugins": {
					"version": "2.3.0",
					"resolved": "https://registry.npmjs.org/postcss-load-plugins/-/postcss-load-plugins-2.3.0.tgz",
					"integrity": "sha1-dFdoEWWZrKLwCfrUJrABdQSdjZI=",
					"dev": true,
					"requires": {
						"cosmiconfig": "^2.1.1",
						"object-assign": "^4.1.0"
					}
				},
				"postcss-selector-parser": {
					"version": "2.2.3",
					"resolved": "https://registry.npmjs.org/postcss-selector-parser/-/postcss-selector-parser-2.2.3.tgz",
					"integrity": "sha1-+UN3iGBsPJrO4W/+jYsWKX8nu5A=",
					"dev": true,
					"requires": {
						"flatten": "^1.0.2",
						"indexes-of": "^1.0.1",
						"uniq": "^1.0.1"
					}
				},
				"prettier": {
					"version": "1.19.1",
					"resolved": "https://registry.npmjs.org/prettier/-/prettier-1.19.1.tgz",
					"integrity": "sha512-s7PoyDv/II1ObgQunCbB9PdLmUcBZcnWOcxDh7O0N/UwDEsHyqkW+Qh28jW+mVuCdx7gLB0BotYI1Y6uI9iyew==",
					"dev": true
				},
				"pseudomap": {
					"version": "1.0.2",
					"resolved": "https://registry.npmjs.org/pseudomap/-/pseudomap-1.0.2.tgz",
					"integrity": "sha1-8FKijacOYYkX7wqKw0wa5aaChrM=",
					"dev": true
				},
				"require-from-string": {
					"version": "1.2.1",
					"resolved": "https://registry.npmjs.org/require-from-string/-/require-from-string-1.2.1.tgz",
					"integrity": "sha1-UpyczvJzgK3+yaL5ZbZJu+5jZBg=",
					"dev": true
				},
				"resolve": {
					"version": "1.19.0",
					"resolved": "https://registry.npmjs.org/resolve/-/resolve-1.19.0.tgz",
					"integrity": "sha512-rArEXAgsBG4UgRGcynxWIWKFvh/XZCcS8UJdHhwy91zwAvCZIbcs+vAbflgBnNjYMs/i/i+/Ux6IZhML1yPvxg==",
					"dev": true,
					"requires": {
						"is-core-module": "^2.1.0",
						"path-parse": "^1.0.6"
					}
				},
				"source-map": {
					"version": "0.6.1",
					"resolved": "https://registry.npmjs.org/source-map/-/source-map-0.6.1.tgz",
					"integrity": "sha512-UjgapumWlbMhkBgzT7Ykc5YXUT46F0iKu8SGXq0bcwP5dz/h0Plj6enJqjz1Zbq2l5WaqYnrVbwWOWMyF3F47g==",
					"dev": true
				},
				"sprintf-js": {
					"version": "1.0.3",
					"resolved": "https://registry.npmjs.org/sprintf-js/-/sprintf-js-1.0.3.tgz",
					"integrity": "sha1-BOaSb2YolTVPPdAVIDYzuFcpfiw=",
					"dev": true
				},
				"supports-color": {
					"version": "5.5.0",
					"resolved": "https://registry.npmjs.org/supports-color/-/supports-color-5.5.0.tgz",
					"integrity": "sha512-QjVjwdXIt408MIiAqCX4oUKsgU2EqAGzs2Ppkm4aQYbjm+ZEWEcW4SfFNTr4uMNZma0ey4f5lgLrkB0aX0QMow==",
					"dev": true,
					"requires": {
						"has-flag": "^3.0.0"
					}
				},
				"uniq": {
					"version": "1.0.1",
					"resolved": "https://registry.npmjs.org/uniq/-/uniq-1.0.1.tgz",
					"integrity": "sha1-sxxa6CVIRKOoKBVBzisEuGWnNP8=",
					"dev": true
				},
				"vue-hot-reload-api": {
					"version": "2.3.4",
					"resolved": "https://registry.npmjs.org/vue-hot-reload-api/-/vue-hot-reload-api-2.3.4.tgz",
					"integrity": "sha512-BXq3jwIagosjgNVae6tkHzzIk6a8MHFtzAdwhnV5VlvPTFxDCvIttgSiHWjdGoTJvXtmRu5HacExfdarRcFhog==",
					"dev": true
				},
				"vue-style-loader": {
					"version": "4.1.2",
					"resolved": "https://registry.npmjs.org/vue-style-loader/-/vue-style-loader-4.1.2.tgz",
					"integrity": "sha512-0ip8ge6Gzz/Bk0iHovU9XAUQaFt/G2B61bnWa2tCcqqdgfHs1lF9xXorFbE55Gmy92okFT+8bfmySuUOu13vxQ==",
					"dev": true,
					"requires": {
						"hash-sum": "^1.0.2",
						"loader-utils": "^1.0.2"
					}
				},
				"vue-template-es2015-compiler": {
					"version": "1.9.1",
					"resolved": "https://registry.npmjs.org/vue-template-es2015-compiler/-/vue-template-es2015-compiler-1.9.1.tgz",
					"integrity": "sha512-4gDntzrifFnCEvyoO8PqyJDmguXgVPxKiIxrBKjIowvL9l+N66196+72XVYR8BBf1Uv1Fgt3bGevJ+sEmxfZzw==",
					"dev": true
				},
				"yallist": {
					"version": "2.1.2",
					"resolved": "https://registry.npmjs.org/yallist/-/yallist-2.1.2.tgz",
					"integrity": "sha1-HBH5IY8HYImkfdUS+TxmmaaoHVI=",
					"dev": true
				}
			}
		},
		"vue-template-compiler": {
			"version": "2.6.12",
			"resolved": "https://registry.npmjs.org/vue-template-compiler/-/vue-template-compiler-2.6.12.tgz",
			"integrity": "sha512-OzzZ52zS41YUbkCBfdXShQTe69j1gQDZ9HIX8miuC9C3rBCk9wIRjLiZZLrmX9V+Ftq/YEyv1JaVr5Y/hNtByg==",
			"dev": true,
			"requires": {
				"de-indent": "^1.0.2",
				"he": "^1.1.0"
			},
			"dependencies": {
				"de-indent": {
					"version": "1.0.2",
					"resolved": "https://registry.npmjs.org/de-indent/-/de-indent-1.0.2.tgz",
					"integrity": "sha1-sgOOhG3DO6pXlhKNCAS0VbjB4h0=",
					"dev": true
				},
				"he": {
					"version": "1.2.0",
					"resolved": "https://registry.npmjs.org/he/-/he-1.2.0.tgz",
					"integrity": "sha512-F/1DnUGPopORZi0ni+CvrCgHQ5FyEAHRLSApuYWMmrbSwoN2Mn/7k+Gl38gJnR7yyDZk6WLXwiGod1JOWNDKGw==",
					"dev": true
				}
			}
		}
	}
}
