{
	"name": "devextreme-vue-sandbox",
	"version": "22.1.0",
	"lockfileVersion": 1,
	"requires": true,
	"dependencies": {
		"@vue/test-utils": {
			"version": "2.0.0-rc.10",
			"resolved": "https://registry.npmjs.org/@vue/test-utils/-/test-utils-2.0.0-rc.10.tgz",
			"integrity": "sha512-Z8jY+askU08svsI37NcJSLmWrfkZ/1ATA1DENWezRUX2uv3QyEj7idwx+rfeNSOrlNNBh4NTzypBKOUOklxBRA==",
			"dev": true
		},
		"typescript": {
			"version": "4.3.5",
			"resolved": "https://registry.npmjs.org/typescript/-/typescript-4.3.5.tgz",
			"integrity": "sha512-DqQgihaQ9cUrskJo9kIyW/+g0Vxsk8cDtZ52a3NGh0YNTfpUSArXSohyUGnvbPazEPLu398C0UxmKSOrPumUzA==",
			"dev": true
		},
		"vue-loader": {
			"version": "16.3.2",
			"resolved": "https://registry.npmjs.org/vue-loader/-/vue-loader-16.3.2.tgz",
			"integrity": "sha512-By7ba0FSk5erMZNoMcy1Tzt1qjZ3f6DpzLTnic8tpH5IyFPKFEgbCnfFC4DPO1iNx3n6QoBFAaS1kK1L4UcJPg==",
			"dev": true,
			"requires": {
				"chalk": "^4.1.0",
				"hash-sum": "^2.0.0",
				"loader-utils": "^2.0.0"
			},
			"dependencies": {
				"ansi-styles": {
					"version": "4.3.0",
					"resolved": "https://registry.npmjs.org/ansi-styles/-/ansi-styles-4.3.0.tgz",
					"integrity": "sha512-zbB9rCJAT1rbjiVDb2hqKFHNYLxgtk8NURxZ3IZwD3F6NtxbXZQCnnSi1Lkx+IDohdPlFp222wVALIheZJQSEg==",
					"dev": true,
					"requires": {
						"color-convert": "^2.0.1"
					}
				},
				"big.js": {
					"version": "5.2.2",
					"resolved": "https://registry.npmjs.org/big.js/-/big.js-5.2.2.tgz",
					"integrity": "sha512-vyL2OymJxmarO8gxMr0mhChsO9QGwhynfuu4+MHTAW6czfq9humCB7rKpUjDd9YUiDPU4mzpyupFSvOClAwbmQ==",
					"dev": true
				},
				"chalk": {
					"version": "4.1.1",
					"resolved": "https://registry.npmjs.org/chalk/-/chalk-4.1.1.tgz",
					"integrity": "sha512-diHzdDKxcU+bAsUboHLPEDQiw0qEe0qd7SYUn3HgcFlWgbDcfLGswOHYeGrHKzG9z6UYf01d9VFMfZxPM1xZSg==",
					"dev": true,
					"requires": {
						"ansi-styles": "^4.1.0",
						"supports-color": "^7.1.0"
					}
				},
				"color-convert": {
					"version": "2.0.1",
					"resolved": "https://registry.npmjs.org/color-convert/-/color-convert-2.0.1.tgz",
					"integrity": "sha512-RRECPsj7iu/xb5oKYcsFHSppFNnsj/52OVTRKb4zP5onXwVF3zVmmToNcOfGC+CRDpfK/U584fMg38ZHCaElKQ==",
					"dev": true,
					"requires": {
						"color-name": "~1.1.4"
					}
				},
				"color-name": {
					"version": "1.1.4",
					"resolved": "https://registry.npmjs.org/color-name/-/color-name-1.1.4.tgz",
					"integrity": "sha512-dOy+3AuW3a2wNbZHIuMZpTcgjGuLU/uBL/ubcZF9OXbDo8ff4O8yVp5Bf0efS8uEoYo5q4Fx7dY9OgQGXgAsQA==",
					"dev": true
				},
				"emojis-list": {
					"version": "3.0.0",
					"resolved": "https://registry.npmjs.org/emojis-list/-/emojis-list-3.0.0.tgz",
					"integrity": "sha512-/kyM18EfinwXZbno9FyUGeFh87KC8HRQBQGildHZbEuRyWFOmv1U10o9BBp8XVZDVNNuQKyIGIu5ZYAAXJ0V2Q==",
					"dev": true
				},
				"has-flag": {
					"version": "4.0.0",
					"resolved": "https://registry.npmjs.org/has-flag/-/has-flag-4.0.0.tgz",
					"integrity": "sha512-EykJT/Q1KjTWctppgIAgfSO0tKVuZUjhgMr17kqTumMl6Afv3EISleU7qZUzoXDFTAHTDC4NOoG/ZxU3EvlMPQ==",
					"dev": true
				},
				"hash-sum": {
					"version": "2.0.0",
					"resolved": "https://registry.npmjs.org/hash-sum/-/hash-sum-2.0.0.tgz",
					"integrity": "sha512-WdZTbAByD+pHfl/g9QSsBIIwy8IT+EsPiKDs0KNX+zSHhdDLFKdZu0BQHljvO+0QI/BasbMSUa8wYNCZTvhslg==",
					"dev": true
				},
				"json5": {
					"version": "2.2.0",
					"resolved": "https://registry.npmjs.org/json5/-/json5-2.2.0.tgz",
					"integrity": "sha512-f+8cldu7X/y7RAJurMEJmdoKXGB/X550w2Nr3tTbezL6RwEE/iMcm+tZnXeoZtKuOq6ft8+CqzEkrIgx1fPoQA==",
					"dev": true,
					"requires": {
						"minimist": "^1.2.5"
					}
				},
				"loader-utils": {
					"version": "2.0.0",
					"resolved": "https://registry.npmjs.org/loader-utils/-/loader-utils-2.0.0.tgz",
					"integrity": "sha512-rP4F0h2RaWSvPEkD7BLDFQnvSf+nK+wr3ESUjNTyAGobqrijmW92zc+SO6d4p4B1wh7+B/Jg1mkQe5NYUEHtHQ==",
					"dev": true,
					"requires": {
						"big.js": "^5.2.2",
						"emojis-list": "^3.0.0",
						"json5": "^2.1.2"
					}
				},
				"minimist": {
					"version": "1.2.6",
					"dev": true
				},
				"supports-color": {
					"version": "7.2.0",
					"resolved": "https://registry.npmjs.org/supports-color/-/supports-color-7.2.0.tgz",
					"integrity": "sha512-qpCAvRl9stuOHveKsn7HncJRvv501qIacKzQlO/+Lwxc9+0q2wLyv4Dfvt80/DPn2pqOBsJdDiogXGR9+OvwRw==",
					"dev": true,
					"requires": {
						"has-flag": "^4.0.0"
					}
				}
			}
		}
	}
}